
Microsoft Visual Studio Solution File, Format Version 12.00
# Visual Studio Version 17
VisualStudioVersion = 17.9.34728.123
MinimumVisualStudioVersion = 10.0.40219.1
Project("{9A19103F-16F7-4668-BE54-9A1E7A4F7556}") = "RandomMod.Core", "RandomMod.Core\RandomMod.Core.csproj", "{C9FF6AD4-3AAD-40CC-95E0-CB5CD7BCAD48}"
EndProject
Project("{9A19103F-16F7-4668-BE54-9A1E7A4F7556}") = "RandomMod.Benchmark", "RandomMod.Benchmark\RandomMod.Benchmark.csproj", "{86C26751-69B9-48CC-B7F4-9BF5DDC8DFE6}"
EndProject
Project("{2150E333-8FDC-42A3-9474-1A3956D46DE8}") = "Solution Items", "Solution Items", "{3D94735C-85A4-427F-95CF-B8A16E25D007}"
	ProjectSection(SolutionItems) = preProject
		.gitignore = .gitignore
		LICENSE.txt = LICENSE.txt
		README.md = README.md
	EndProjectSection
EndProject
Project("{9A19103F-16F7-4668-BE54-9A1E7A4F7556}") = "RandomMod.Tests", "RandomMod.Tests\RandomMod.Tests.csproj", "{5341872B-BE68-4BC5-A929-45169D67A114}"
EndProject
Global
	GlobalSection(SolutionConfigurationPlatforms) = preSolution
		Debug|Any CPU = Debug|Any CPU
		Release|Any CPU = Release|Any CPU
	EndGlobalSection
	GlobalSection(ProjectConfigurationPlatforms) = postSolution
		{C9FF6AD4-3AAD-40CC-95E0-CB5CD7BCAD48}.Debug|Any CPU.ActiveCfg = Debug|Any CPU
		{C9FF6AD4-3AAD-40CC-95E0-CB5CD7BCAD48}.Debug|Any CPU.Build.0 = Debug|Any CPU
		{C9FF6AD4-3AAD-40CC-95E0-CB5CD7BCAD48}.Release|Any CPU.ActiveCfg = Release|Any CPU
		{C9FF6AD4-3AAD-40CC-95E0-CB5CD7BCAD48}.Release|Any CPU.Build.0 = Release|Any CPU
		{86C26751-69B9-48CC-B7F4-9BF5DDC8DFE6}.Debug|Any CPU.ActiveCfg = Debug|Any CPU
		{86C26751-69B9-48CC-B7F4-9BF5DDC8DFE6}.Debug|Any CPU.Build.0 = Debug|Any CPU
		{86C26751-69B9-48CC-B7F4-9BF5DDC8DFE6}.Release|Any CPU.ActiveCfg = Release|Any CPU
		{86C26751-69B9-48CC-B7F4-9BF5DDC8DFE6}.Release|Any CPU.Build.0 = Release|Any CPU
		{5341872B-BE68-4BC5-A929-45169D67A114}.Debug|Any CPU.ActiveCfg = Debug|Any CPU
		{5341872B-BE68-4BC5-A929-45169D67A114}.Debug|Any CPU.Build.0 = Debug|Any CPU
		{5341872B-BE68-4BC5-A929-45169D67A114}.Release|Any CPU.ActiveCfg = Release|Any CPU
		{5341872B-BE68-4BC5-A929-45169D67A114}.Release|Any CPU.Build.0 = Release|Any CPU
	EndGlobalSection
	GlobalSection(SolutionProperties) = preSolution
		HideSolutionNode = FALSE
	EndGlobalSection
	GlobalSection(ExtensibilityGlobals) = postSolution
		SolutionGuid = {1B531DB7-1E9D-4E26-8F89-B127BD588676}
	EndGlobalSection
EndGlobal
